
Microsoft Visual Studio Solution File, Format Version 12.00
# Visual Studio Version 16
VisualStudioVersion = 16.0.30503.244
MinimumVisualStudioVersion = 10.0.40219.1
Project("{9A19103F-16F7-4668-BE54-9A1E7A4F7556}") = "CalculationImpedancesApp", "CalculationImpedancesApp\CalculationImpedancesApp.csproj", "{BB80D9CE-4631-45A6-9D51-90D51C0C18FE}"
EndProject
Project("{9A19103F-16F7-4668-BE54-9A1E7A4F7556}") = "CalculationImpedancesUI", "CalculationImpedancesUI\CalculationImpedancesUI.csproj", "{8D4EACF7-5300-4954-B75D-4B4E0B954340}"
EndProject
Global
	GlobalSection(SolutionConfigurationPlatforms) = preSolution
		Debug|Any CPU = Debug|Any CPU
		Release|Any CPU = Release|Any CPU
	EndGlobalSection
	GlobalSection(ProjectConfigurationPlatforms) = postSolution
		{BB80D9CE-4631-45A6-9D51-90D51C0C18FE}.Debug|Any CPU.ActiveCfg = Debug|Any CPU
		{BB80D9CE-4631-45A6-9D51-90D51C0C18FE}.Debug|Any CPU.Build.0 = Debug|Any CPU
		{BB80D9CE-4631-45A6-9D51-90D51C0C18FE}.Release|Any CPU.ActiveCfg = Release|Any CPU
		{BB80D9CE-4631-45A6-9D51-90D51C0C18FE}.Release|Any CPU.Build.0 = Release|Any CPU
		{8D4EACF7-5300-4954-B75D-4B4E0B954340}.Debug|Any CPU.ActiveCfg = Debug|Any CPU
		{8D4EACF7-5300-4954-B75D-4B4E0B954340}.Debug|Any CPU.Build.0 = Debug|Any CPU
		{8D4EACF7-5300-4954-B75D-4B4E0B954340}.Release|Any CPU.ActiveCfg = Release|Any CPU
		{8D4EACF7-5300-4954-B75D-4B4E0B954340}.Release|Any CPU.Build.0 = Release|Any CPU
	EndGlobalSection
	GlobalSection(SolutionProperties) = preSolution
		HideSolutionNode = FALSE
	EndGlobalSection
	GlobalSection(ExtensibilityGlobals) = postSolution
		SolutionGuid = {A3820C54-B3CF-4A78-8D29-FF4203598780}
	EndGlobalSection
EndGlobal
